
Microsoft Visual Studio Solution File, Format Version 12.00
Project("{FAE04EC0-301F-11D3-BF4B-00C04F79EFBC}") = "MagTesterForms", "MagTesterForms\MagTesterForms.csproj", "{914B451B-30C3-433F-ABF3-C31F01C5D624}"
EndProject
Project("{FAE04EC0-301F-11D3-BF4B-00C04F79EFBC}") = "MagData", "MagData\MagData.csproj", "{99339B4D-D422-484C-98A0-0E50A952B3D7}"
EndProject
Project("{FAE04EC0-301F-11D3-BF4B-00C04F79EFBC}") = "MagTesterBlazor", "MagTesterBlazor\MagTesterBlazor.csproj", "{F67E08C9-D791-46F6-9F05-D51EBAC0B334}"
EndProject
Global
	GlobalSection(SolutionConfigurationPlatforms) = preSolution
		Debug|Any CPU = Debug|Any CPU
		Release|Any CPU = Release|Any CPU
	EndGlobalSection
	GlobalSection(ProjectConfigurationPlatforms) = postSolution
		{914B451B-30C3-433F-ABF3-C31F01C5D624}.Debug|Any CPU.ActiveCfg = Debug|Any CPU
		{914B451B-30C3-433F-ABF3-C31F01C5D624}.Debug|Any CPU.Build.0 = Debug|Any CPU
		{914B451B-30C3-433F-ABF3-C31F01C5D624}.Release|Any CPU.ActiveCfg = Release|Any CPU
		{914B451B-30C3-433F-ABF3-C31F01C5D624}.Release|Any CPU.Build.0 = Release|Any CPU
		{99339B4D-D422-484C-98A0-0E50A952B3D7}.Debug|Any CPU.ActiveCfg = Debug|Any CPU
		{99339B4D-D422-484C-98A0-0E50A952B3D7}.Debug|Any CPU.Build.0 = Debug|Any CPU
		{99339B4D-D422-484C-98A0-0E50A952B3D7}.Release|Any CPU.ActiveCfg = Release|Any CPU
		{99339B4D-D422-484C-98A0-0E50A952B3D7}.Release|Any CPU.Build.0 = Release|Any CPU
		{F67E08C9-D791-46F6-9F05-D51EBAC0B334}.Debug|Any CPU.ActiveCfg = Debug|Any CPU
		{F67E08C9-D791-46F6-9F05-D51EBAC0B334}.Debug|Any CPU.Build.0 = Debug|Any CPU
		{F67E08C9-D791-46F6-9F05-D51EBAC0B334}.Release|Any CPU.ActiveCfg = Release|Any CPU
		{F67E08C9-D791-46F6-9F05-D51EBAC0B334}.Release|Any CPU.Build.0 = Release|Any CPU
	EndGlobalSection
EndGlobal
